
Microsoft Visual Studio Solution File, Format Version 12.00
# Visual Studio 15
VisualStudioVersion = 15.0.28307.1082
MinimumVisualStudioVersion = 10.0.40219.1
Project("{9A19103F-16F7-4668-BE54-9A1E7A4F7556}") = "Mod4_EjercicioModulo3", "Ejercicio 2\Mod4_EjercicioModulo3.csproj", "{06000DF6-5503-4EBA-B185-BA5680EE3F6E}"
EndProject
Project("{9A19103F-16F7-4668-BE54-9A1E7A4F7556}") = "Mod4_CursoCSharpNomenclatura", "CursoCSharpNomenclatura\Mod4_CursoCSharpNomenclatura.csproj", "{85376F45-C1FD-4100-A0BA-53D12DE9103F}"
EndProject
Project("{9A19103F-16F7-4668-BE54-9A1E7A4F7556}") = "Mod4_CursoCSharpConstantes", "CursoCSharpConstantes\Mod4_CursoCSharpConstantes.csproj", "{A0E03C94-CF5C-4D85-B2EB-78C1E017F89B}"
EndProject
Project("{9A19103F-16F7-4668-BE54-9A1E7A4F7556}") = "Mod4_CursoCSharpIFELSE", "CursoCSharpIFELSE\Mod4_CursoCSharpIFELSE.csproj", "{362FE8FF-B373-4F77-B51F-C2058EBC6B1C}"
EndProject
Project("{9A19103F-16F7-4668-BE54-9A1E7A4F7556}") = "Mod4_Switch", "Switch\Mod4_Switch.csproj", "{6622AF81-00CB-4E90-96F3-A8A1A327A60B}"
EndProject
Project("{9A19103F-16F7-4668-BE54-9A1E7A4F7556}") = "Mod4_Iteraciones", "Iteraciones\Mod4_Iteraciones.csproj", "{1075BC0E-4FE4-4619-80B8-CED508E9C6F9}"
EndProject
Project("{9A19103F-16F7-4668-BE54-9A1E7A4F7556}") = "Mod4_Operadores", "Operadores\Mod4_Operadores.csproj", "{32340997-4164-453E-A60F-38C19B96F0FB}"
EndProject
Project("{9A19103F-16F7-4668-BE54-9A1E7A4F7556}") = "Mod4_LeyendoArgumentos", "LeyendoArgumentos\Mod4_LeyendoArgumentos.csproj", "{B0409E33-1923-4D52-81F3-741A15830352}"
EndProject
Project("{9A19103F-16F7-4668-BE54-9A1E7A4F7556}") = "Mod4_Arrays", "Arrays\Mod4_Arrays.csproj", "{2DD457B9-EB4F-4822-908E-4FF1A5A671AF}"
EndProject
Project("{9A19103F-16F7-4668-BE54-9A1E7A4F7556}") = "Mod4_CastingConversiones", "CastingConversiones\Mod4_CastingConversiones.csproj", "{95FDE16E-3C4D-42D1-8D40-96253FFD57F6}"
EndProject
Project("{9A19103F-16F7-4668-BE54-9A1E7A4F7556}") = "Mod4_EjercicioModulo4", "EjercicioModulo4\Mod4_EjercicioModulo4.csproj", "{C3E55CD8-823C-4614-AF54-90C9BECAC6C5}"
EndProject
Project("{2150E333-8FDC-42A3-9474-1A3956D46DE8}") = "Modulo4_Introduccion", "Modulo4_Introduccion", "{12D86080-9B67-4595-ADAE-9AD61012B361}"
EndProject
Project("{2150E333-8FDC-42A3-9474-1A3956D46DE8}") = "Modulo5_MetodosYFunciones", "Modulo5_MetodosYFunciones", "{FCE27579-F205-4260-B111-953506CB9C99}"
EndProject
Project("{9A19103F-16F7-4668-BE54-9A1E7A4F7556}") = "Mod5_ProcedimientosFunciones", "ProcedimientosFunciones\Mod5_ProcedimientosFunciones.csproj", "{440BF63B-9673-48EE-BD3A-95C1D2D6CE91}"
EndProject
Project("{9A19103F-16F7-4668-BE54-9A1E7A4F7556}") = "Mod5_Funciones", "Funciones\Mod5_Funciones.csproj", "{25858060-55E3-44BF-947F-3255FA13624E}"
EndProject
Project("{9A19103F-16F7-4668-BE54-9A1E7A4F7556}") = "Mod5_PasoValorReferencia", "PasoValorReferencia\Mod5_PasoValorReferencia.csproj", "{69B0E2B7-F3D8-4AEC-8C22-42DDD1068EDC}"
EndProject
Project("{9A19103F-16F7-4668-BE54-9A1E7A4F7556}") = "Mod5_FuncionesLocales", "FuncionesLocales\Mod5_FuncionesLocales.csproj", "{E17D9F7C-402F-444A-92EF-ECCFAD396E21}"
EndProject
Project("{9A19103F-16F7-4668-BE54-9A1E7A4F7556}") = "Mod5_EjemploFunciones", "EjemploFunciones\Mod5_EjemploFunciones.csproj", "{FA549913-F173-4DCB-B3D1-5F6B843E35EA}"
EndProject
Project("{9A19103F-16F7-4668-BE54-9A1E7A4F7556}") = "Mod5_EjerciciosModulo5", "EjerciciosModulo5\Mod5_EjerciciosModulo5.csproj", "{212DB963-0655-4C8F-B6E5-4D558237351D}"
EndProject
Project("{2150E333-8FDC-42A3-9474-1A3956D46DE8}") = "Modulo6_Cadenas", "Modulo6_Cadenas", "{19B57887-2B29-4BF4-9509-6574D100CC51}"
EndProject
Project("{9A19103F-16F7-4668-BE54-9A1E7A4F7556}") = "Mod6_Cadenas", "Cadenas\Mod6_Cadenas.csproj", "{16EE71C4-B1C2-4074-924A-DE7D9F448485}"
EndProject
Project("{9A19103F-16F7-4668-BE54-9A1E7A4F7556}") = "Mod6_ConcatenarCadenas", "ConcatenarCadenas\Mod6_ConcatenarCadenas.csproj", "{AE85E4EA-A4F1-4765-91CE-085684825CF1}"
EndProject
Project("{9A19103F-16F7-4668-BE54-9A1E7A4F7556}") = "Mod6_String_Builder", "StringBuilder\Mod6_String_Builder.csproj", "{9512F65C-7FA3-4475-B460-E72C8B6248D7}"
EndProject
Project("{9A19103F-16F7-4668-BE54-9A1E7A4F7556}") = "Mod6_OperacionesCadenas", "OperacionesCadenas\Mod6_OperacionesCadenas.csproj", "{37A7BBEB-EF4B-448A-8C77-C45581A2E068}"
EndProject
Project("{9A19103F-16F7-4668-BE54-9A1E7A4F7556}") = "Mod6_EjerciciosModulo6", "EjerciciosModulo6\Mod6_EjerciciosModulo6.csproj", "{E6D82B73-97D2-4390-B527-81AC14DF79A7}"
EndProject
Project("{2150E333-8FDC-42A3-9474-1A3956D46DE8}") = "Modulo7_Colecciones", "Modulo7_Colecciones", "{A86EC529-60E2-4D35-9169-356AA3C51766}"
EndProject
Project("{9A19103F-16F7-4668-BE54-9A1E7A4F7556}") = "Mod7_ArrayList", "Colecciones\Mod7_ArrayList.csproj", "{86B9DE1D-895E-4433-ACC7-E6BDFD5F45B2}"
EndProject
Project("{9A19103F-16F7-4668-BE54-9A1E7A4F7556}") = "Mod7_Pilas", "Pilas\Mod7_Pilas.csproj", "{B709AD61-E61C-4D06-9F11-7F4151A56535}"
EndProject
Project("{9A19103F-16F7-4668-BE54-9A1E7A4F7556}") = "Mod7_Colas", "Colas\Mod7_Colas.csproj", "{B1BFEF59-85F2-440B-AF83-5DE8B48E69EB}"
EndProject
Project("{9A19103F-16F7-4668-BE54-9A1E7A4F7556}") = "Mod7_Hash_Table", "HashTable\Mod7_Hash_Table.csproj", "{D0559B55-4B32-4AB3-875B-7AF89085EF24}"
EndProject
Project("{9A19103F-16F7-4668-BE54-9A1E7A4F7556}") = "Mod7_Ejercicios", "EjerciciosModulo7\Mod7_Ejercicios.csproj", "{DEC3F567-8B2C-4CF8-AE27-12C96B0921A8}"
EndProject
Project("{2150E333-8FDC-42A3-9474-1A3956D46DE8}") = "Modulo8_POO", "Modulo8_POO", "{7F603ACB-7E20-4D1A-A355-347B564170E4}"
EndProject
Project("{9A19103F-16F7-4668-BE54-9A1E7A4F7556}") = "Mod8_Clases_Objetos", "Clases_Objetos\Mod8_Clases_Objetos.csproj", "{E0FAAA1E-CCC9-4246-B948-319165CA0AD1}"
EndProject
Project("{9A19103F-16F7-4668-BE54-9A1E7A4F7556}") = "Mod8_Abstraccion", "Abstraccion\Mod8_Abstraccion.csproj", "{0996610D-68CD-41EE-A491-41F04FCD8403}"
EndProject
Project("{9A19103F-16F7-4668-BE54-9A1E7A4F7556}") = "Mod8_Encapsulacion", "Encapsulacion\Mod8_Encapsulacion.csproj", "{4B4605AC-E964-480B-9057-DB74C86D3763}"
EndProject
Project("{9A19103F-16F7-4668-BE54-9A1E7A4F7556}") = "Mod8_Herencia", "Herencia\Mod8_Herencia.csproj", "{10F3D568-BC39-4C0D-A15D-C1EA065CA2DA}"
EndProject
Project("{9A19103F-16F7-4668-BE54-9A1E7A4F7556}") = "Mod8_Polimorfismo", "Polimorfismo\Mod8_Polimorfismo.csproj", "{4969A1AB-7F2E-4A65-AB3A-A72CD09C0692}"
EndProject
Project("{2150E333-8FDC-42A3-9474-1A3956D46DE8}") = "Modulo9_Clases", "Modulo9_Clases", "{0F61B6F6-6ADD-41A6-B5EF-2CDC02AB776B}"
EndProject
Project("{9A19103F-16F7-4668-BE54-9A1E7A4F7556}") = "Mod9_Clases_Estructuras", "Clases_Estructuras\Mod9_Clases_Estructuras.csproj", "{661CA9E0-24F4-4C79-9C36-68A33F19525A}"
EndProject
Project("{9A19103F-16F7-4668-BE54-9A1E7A4F7556}") = "Mod9_DeclaracionClases", "DeclaracionClases\Mod9_DeclaracionClases.csproj", "{479DA02E-0E40-42B1-AAE7-9A50723F91E4}"
EndProject
Project("{9A19103F-16F7-4668-BE54-9A1E7A4F7556}") = "Mod9_ClaseAbstracta", "ClaseAbstracta\Mod9_ClaseAbstracta.csproj", "{FE094C1F-33CA-4802-BBFD-5EC60A584DB9}"
EndProject
Project("{9A19103F-16F7-4668-BE54-9A1E7A4F7556}") = "Mod9_ClaseSealed", "ClaseSealed\Mod9_ClaseSealed.csproj", "{19C42E06-A252-4135-9E03-8CC64EAAC0F7}"
EndProject
Project("{9A19103F-16F7-4668-BE54-9A1E7A4F7556}") = "Mod9_ClasesEstaticas", "ClasesEstaticas\Mod9_ClasesEstaticas.csproj", "{5D7E0138-016A-43D4-B5E4-3D8DA3E8B4FF}"
EndProject
Project("{9A19103F-16F7-4668-BE54-9A1E7A4F7556}") = "Mod9_Ejercicio1", "Ejercicio1\Mod9_Ejercicio1.csproj", "{01FDEE36-E2A7-4822-A8D7-2DA08F908D86}"
EndProject
Project("{9A19103F-16F7-4668-BE54-9A1E7A4F7556}") = "Mod9_Ejercicio2", "Ejercicio2\Mod9_Ejercicio2.csproj", "{C512B83A-F72F-4E7D-9EFC-A224811D7FC8}"
EndProject
Project("{9A19103F-16F7-4668-BE54-9A1E7A4F7556}") = "Mod9_MetodosDeExtension", "MetodosDeExtension\Mod9_MetodosDeExtension.csproj", "{00BF72A5-0284-4458-B53A-5019F868092E}"
EndProject
Project("{9A19103F-16F7-4668-BE54-9A1E7A4F7556}") = "Mod9_BodiedMembers", "BodiedMembers\Mod9_BodiedMembers.csproj", "{24872659-40A2-4781-89F1-54313D6E3A72}"
EndProject
Project("{9A19103F-16F7-4668-BE54-9A1E7A4F7556}") = "Mod9_SobrecargaOperadores", "SobrecargaOperadores\Mod9_SobrecargaOperadores.csproj", "{B94F42C1-831F-4FF1-A1C9-13F5F6B211AD}"
EndProject
Project("{9A19103F-16F7-4668-BE54-9A1E7A4F7556}") = "Mod9_Ejercicio3", "Ejercicio3\Mod9_Ejercicio3.csproj", "{0B030AD1-3318-4035-B430-619B43860844}"
EndProject
Project("{9A19103F-16F7-4668-BE54-9A1E7A4F7556}") = "Mod9_Ejercicio4", "Ejercicio4\Mod9_Ejercicio4.csproj", "{2A929105-C1B3-4D43-B893-19094E711933}"
EndProject
Project("{9A19103F-16F7-4668-BE54-9A1E7A4F7556}") = "Mod9_Ejercicio5", "Ejercicio5\Mod9_Ejercicio5.csproj", "{69742B88-45C0-4E08-927D-7914014F5F8D}"
EndProject
Project("{9A19103F-16F7-4668-BE54-9A1E7A4F7556}") = "Mod9_Ejercicio6", "Ejercicio6\Mod9_Ejercicio6.csproj", "{C3F006C0-C1D3-4DF4-A95B-099ECC3756CA}"
EndProject
Project("{2150E333-8FDC-42A3-9474-1A3956D46DE8}") = "Modulo10_Interfaces", "Modulo10_Interfaces", "{235E5C84-7207-4BA2-BCDB-A514CC3E310A}"
EndProject
Project("{9A19103F-16F7-4668-BE54-9A1E7A4F7556}") = "Mod10_Interfaces", "Interfaces\Mod10_Interfaces.csproj", "{561893C2-CBDE-4BEE-A815-DF5BE5EFB610}"
EndProject
Project("{9A19103F-16F7-4668-BE54-9A1E7A4F7556}") = "Mod10_I_Disposable", "IDisposable\Mod10_I_Disposable.csproj", "{8BAEBB10-6086-4693-9A2B-B2A8DD22016E}"
EndProject
Project("{9A19103F-16F7-4668-BE54-9A1E7A4F7556}") = "Mod10_ClaseAbstractaVSInterfaces", "ClaseAbstractaVSInterfaces\Mod10_ClaseAbstractaVSInterfaces.csproj", "{9A381815-298A-448A-A269-3359BEB1BF4C}"
EndProject
Project("{9A19103F-16F7-4668-BE54-9A1E7A4F7556}") = "Mod10_Ejercicio1", "Mod10_Ejercicio1\Mod10_Ejercicio1.csproj", "{4937E119-CD22-465D-9415-782182F324B2}"
EndProject
Project("{9A19103F-16F7-4668-BE54-9A1E7A4F7556}") = "Mod11_Delegados", "Delegados\Mod11_Delegados.csproj", "{1248E047-14AA-4096-A384-D3736D1F67C6}"
EndProject
Project("{9A19103F-16F7-4668-BE54-9A1E7A4F7556}") = "Mod11_MetodosAnonimos", "MetodosAnonimos\Mod11_MetodosAnonimos.csproj", "{C4351A66-94D0-4AE7-B12F-EAA9888C1537}"
EndProject
Project("{9A19103F-16F7-4668-BE54-9A1E7A4F7556}") = "Mod11_TiposDinamicos", "TiposDinamicos\Mod11_TiposDinamicos.csproj", "{574FF668-FBEE-41CD-B6A1-BFC576D0A55B}"
EndProject
Project("{9A19103F-16F7-4668-BE54-9A1E7A4F7556}") = "Mod11_Namespaces", "Mod11_Namespaces\Mod11_Namespaces.csproj", "{9ABF2439-25DE-49CE-9862-5FD75F829ED3}"
EndProject
Project("{9A19103F-16F7-4668-BE54-9A1E7A4F7556}") = "Mod11_Enumerados", "Enumerados\Mod11_Enumerados.csproj", "{D5B3205E-AB24-4759-94D5-CA5277BBCCD4}"
EndProject
Project("{9A19103F-16F7-4668-BE54-9A1E7A4F7556}") = "Mod11_InstruccionUsing", "Mod11_InstruccionUsing\Mod11_InstruccionUsing.csproj", "{EFA36D52-1A41-42E1-B00A-16AB9EDBC18A}"
EndProject
Project("{9A19103F-16F7-4668-BE54-9A1E7A4F7556}") = "Mod11_Tuplas", "Mod11_Tuplas\Mod11_Tuplas.csproj", "{6294F194-7066-4AC6-AB96-5940A61532A3}"
EndProject
Project("{2150E333-8FDC-42A3-9474-1A3956D46DE8}") = "Modulo11_ConceptosAvanzados", "Modulo11_ConceptosAvanzados", "{379DFBF6-8A5D-49F7-9A29-DC77211632FC}"
EndProject
Project("{9A19103F-16F7-4668-BE54-9A1E7A4F7556}") = "Mod11_Diccionarios", "Mod11_Diccionarios\Mod11_Diccionarios.csproj", "{E55FA39D-4BAF-4238-A9F5-93FEC1A22C85}"
EndProject
Project("{9A19103F-16F7-4668-BE54-9A1E7A4F7556}") = "Mod11_Boxing_Unboxing", "Mod11_Boxing_Unboxing\Mod11_Boxing_Unboxing.csproj", "{513C4B07-F50A-4654-BBA6-39683B27CB9C}"
EndProject
Project("{9A19103F-16F7-4668-BE54-9A1E7A4F7556}") = "Mod11_Genericos", "Mod11_Genericos\Mod11_Genericos.csproj", "{D3E2CB43-2E76-49E0-A530-EB9D473A0CF7}"
EndProject
Project("{9A19103F-16F7-4668-BE54-9A1E7A4F7556}") = "Mod11_Depuracion", "Mod11_Depuracion\Mod11_Depuracion.csproj", "{2823FF81-BCBB-47B9-A274-813A93F9A762}"
EndProject
Project("{9A19103F-16F7-4668-BE54-9A1E7A4F7556}") = "Mod11_Serializacion", "Mod11_Serializacion\Mod11_Serializacion.csproj", "{7C508871-F084-4EA3-ADF5-E782B7D07FB4}"
EndProject
Project("{9A19103F-16F7-4668-BE54-9A1E7A4F7556}") = "Mod11_Ejercicio1", "Mod11_Ejercicio1\Mod11_Ejercicio1.csproj", "{56580DEE-7515-405A-8E82-11D11E827A7A}"
EndProject
Project("{9A19103F-16F7-4668-BE54-9A1E7A4F7556}") = "Mod11_Ejercicio2", "Mod11_Ejercicio2\Mod11_Ejercicio2.csproj", "{E9720680-744D-4161-A1EE-3E4E12F963B1}"
EndProject
Project("{9A19103F-16F7-4668-BE54-9A1E7A4F7556}") = "Mod11_Ejercicio3", "Mod11_Ejercicio3\Mod11_Ejercicio3.csproj", "{EC5C9026-872E-4F99-B183-50CFD05C3EEB}"
EndProject
Project("{9A19103F-16F7-4668-BE54-9A1E7A4F7556}") = "Mod12_IntroduccionExcepciones", "Mod12_IntroduccionExcepciones\Mod12_IntroduccionExcepciones.csproj", "{E1BED745-3028-4908-B25D-9FACFB3BE400}"
EndProject
Project("{9A19103F-16F7-4668-BE54-9A1E7A4F7556}") = "Mod12_CustomExceptions", "Mod12_CustomExceptions\Mod12_CustomExceptions.csproj", "{F8A8069A-A82B-48E6-BCAE-7F5F3D396ED1}"
EndProject
Project("{2150E333-8FDC-42A3-9474-1A3956D46DE8}") = "Modulo12_Excepciones", "Modulo12_Excepciones", "{22D5106E-27A8-4251-8D20-8B91266E2C6E}"
EndProject
Project("{2150E333-8FDC-42A3-9474-1A3956D46DE8}") = "Modulo13_ArchivosYStreams", "Modulo13_ArchivosYStreams", "{D6107A5B-E148-4FF2-B9B2-D71DCBE4E48D}"
EndProject
Project("{9A19103F-16F7-4668-BE54-9A1E7A4F7556}") = "Mod13_MemoryStream", "Mod13_MemoryStream\Mod13_MemoryStream.csproj", "{E89D2955-E3AB-4C1D-8326-9996F299DD03}"
EndProject
Project("{9A19103F-16F7-4668-BE54-9A1E7A4F7556}") = "Mod13_LeerDatosDeStream", "Mod13_LeerDatosDeStream\Mod13_LeerDatosDeStream.csproj", "{EE9CCE1E-CFDD-461E-8A50-7251694D7090}"
EndProject
Project("{9A19103F-16F7-4668-BE54-9A1E7A4F7556}") = "Mod13_EscribirEnStream", "Mod13_EscribirEnStream\Mod13_EscribirEnStream.csproj", "{678A8122-21DC-415E-B0BF-63C65795CB1C}"
EndProject
Project("{9A19103F-16F7-4668-BE54-9A1E7A4F7556}") = "Mod13_Archivos", "Mod13_Archivos\Mod13_Archivos.csproj", "{74CD7CD0-93D7-4D55-8FBD-CCA8B3A1D5D9}"
EndProject
Project("{9A19103F-16F7-4668-BE54-9A1E7A4F7556}") = "Mod13_Ejercicio1", "Mod13_Ejercicio1\Mod13_Ejercicio1.csproj", "{BDD59E24-6F8C-4FAC-8F81-7C5EA627A84C}"
EndProject
Project("{2150E333-8FDC-42A3-9474-1A3956D46DE8}") = "Modulo14_ProgAsincrona", "Modulo14_ProgAsincrona", "{E9CA2BC8-62ED-4693-B2C6-E83B1948CE80}"
EndProject
Project("{FAE04EC0-301F-11D3-BF4B-00C04F79EFBC}") = "Mod14_PAsincrona1", "Mod14_PAsincrona1\Mod14_PAsincrona1.csproj", "{704AE293-03DA-451D-B6DD-11FFB41A2C6C}"
EndProject
Project("{FAE04EC0-301F-11D3-BF4B-00C04F79EFBC}") = "Mod14_PAsincrona2", "Mod14_PAsincrona2\Mod14_PAsincrona2.csproj", "{1DBE6703-13F2-46A1-99B4-663545C8F292}"
EndProject
Project("{FAE04EC0-301F-11D3-BF4B-00C04F79EFBC}") = "Mod14_PAsincrona3", "Mod14_PAsincrona3\Mod14_PAsincrona3.csproj", "{F37392BB-5DC3-40D8-9FF3-F8B5A5B4119C}"
EndProject
Project("{FAE04EC0-301F-11D3-BF4B-00C04F79EFBC}") = "Mod14_PAsincrona4", "Mod14_PAsincrona4\Mod14_PAsincrona4.csproj", "{ED631311-4E02-4529-B9A8-3FFED9FAA245}"
EndProject
Project("{FAE04EC0-301F-11D3-BF4B-00C04F79EFBC}") = "Mod14_PAsincrona5", "Mod14_PAsincrona5\Mod14_PAsincrona5.csproj", "{72AC060C-032A-4A03-A187-5EBDAC6DA498}"
EndProject
Project("{FAE04EC0-301F-11D3-BF4B-00C04F79EFBC}") = "Mod14_Ejercicio1", "Mod14_Ejercicio1\Mod14_Ejercicio1.csproj", "{ABB10CD4-A475-4535-9904-1F1A57A8EA58}"
EndProject
Global
	GlobalSection(SolutionConfigurationPlatforms) = preSolution
		Debug|Any CPU = Debug|Any CPU
		Release|Any CPU = Release|Any CPU
	EndGlobalSection
	GlobalSection(ProjectConfigurationPlatforms) = postSolution
		{06000DF6-5503-4EBA-B185-BA5680EE3F6E}.Debug|Any CPU.ActiveCfg = Debug|Any CPU
		{06000DF6-5503-4EBA-B185-BA5680EE3F6E}.Debug|Any CPU.Build.0 = Debug|Any CPU
		{06000DF6-5503-4EBA-B185-BA5680EE3F6E}.Release|Any CPU.ActiveCfg = Release|Any CPU
		{06000DF6-5503-4EBA-B185-BA5680EE3F6E}.Release|Any CPU.Build.0 = Release|Any CPU
		{85376F45-C1FD-4100-A0BA-53D12DE9103F}.Debug|Any CPU.ActiveCfg = Debug|Any CPU
		{85376F45-C1FD-4100-A0BA-53D12DE9103F}.Debug|Any CPU.Build.0 = Debug|Any CPU
		{85376F45-C1FD-4100-A0BA-53D12DE9103F}.Release|Any CPU.ActiveCfg = Release|Any CPU
		{85376F45-C1FD-4100-A0BA-53D12DE9103F}.Release|Any CPU.Build.0 = Release|Any CPU
		{A0E03C94-CF5C-4D85-B2EB-78C1E017F89B}.Debug|Any CPU.ActiveCfg = Debug|Any CPU
		{A0E03C94-CF5C-4D85-B2EB-78C1E017F89B}.Debug|Any CPU.Build.0 = Debug|Any CPU
		{A0E03C94-CF5C-4D85-B2EB-78C1E017F89B}.Release|Any CPU.ActiveCfg = Release|Any CPU
		{A0E03C94-CF5C-4D85-B2EB-78C1E017F89B}.Release|Any CPU.Build.0 = Release|Any CPU
		{362FE8FF-B373-4F77-B51F-C2058EBC6B1C}.Debug|Any CPU.ActiveCfg = Debug|Any CPU
		{362FE8FF-B373-4F77-B51F-C2058EBC6B1C}.Debug|Any CPU.Build.0 = Debug|Any CPU
		{362FE8FF-B373-4F77-B51F-C2058EBC6B1C}.Release|Any CPU.ActiveCfg = Release|Any CPU
		{362FE8FF-B373-4F77-B51F-C2058EBC6B1C}.Release|Any CPU.Build.0 = Release|Any CPU
		{6622AF81-00CB-4E90-96F3-A8A1A327A60B}.Debug|Any CPU.ActiveCfg = Debug|Any CPU
		{6622AF81-00CB-4E90-96F3-A8A1A327A60B}.Debug|Any CPU.Build.0 = Debug|Any CPU
		{6622AF81-00CB-4E90-96F3-A8A1A327A60B}.Release|Any CPU.ActiveCfg = Release|Any CPU
		{6622AF81-00CB-4E90-96F3-A8A1A327A60B}.Release|Any CPU.Build.0 = Release|Any CPU
		{1075BC0E-4FE4-4619-80B8-CED508E9C6F9}.Debug|Any CPU.ActiveCfg = Debug|Any CPU
		{1075BC0E-4FE4-4619-80B8-CED508E9C6F9}.Debug|Any CPU.Build.0 = Debug|Any CPU
		{1075BC0E-4FE4-4619-80B8-CED508E9C6F9}.Release|Any CPU.ActiveCfg = Release|Any CPU
		{1075BC0E-4FE4-4619-80B8-CED508E9C6F9}.Release|Any CPU.Build.0 = Release|Any CPU
		{32340997-4164-453E-A60F-38C19B96F0FB}.Debug|Any CPU.ActiveCfg = Debug|Any CPU
		{32340997-4164-453E-A60F-38C19B96F0FB}.Debug|Any CPU.Build.0 = Debug|Any CPU
		{32340997-4164-453E-A60F-38C19B96F0FB}.Release|Any CPU.ActiveCfg = Release|Any CPU
		{32340997-4164-453E-A60F-38C19B96F0FB}.Release|Any CPU.Build.0 = Release|Any CPU
		{B0409E33-1923-4D52-81F3-741A15830352}.Debug|Any CPU.ActiveCfg = Debug|Any CPU
		{B0409E33-1923-4D52-81F3-741A15830352}.Debug|Any CPU.Build.0 = Debug|Any CPU
		{B0409E33-1923-4D52-81F3-741A15830352}.Release|Any CPU.ActiveCfg = Release|Any CPU
		{B0409E33-1923-4D52-81F3-741A15830352}.Release|Any CPU.Build.0 = Release|Any CPU
		{2DD457B9-EB4F-4822-908E-4FF1A5A671AF}.Debug|Any CPU.ActiveCfg = Debug|Any CPU
		{2DD457B9-EB4F-4822-908E-4FF1A5A671AF}.Debug|Any CPU.Build.0 = Debug|Any CPU
		{2DD457B9-EB4F-4822-908E-4FF1A5A671AF}.Release|Any CPU.ActiveCfg = Release|Any CPU
		{2DD457B9-EB4F-4822-908E-4FF1A5A671AF}.Release|Any CPU.Build.0 = Release|Any CPU
		{95FDE16E-3C4D-42D1-8D40-96253FFD57F6}.Debug|Any CPU.ActiveCfg = Debug|Any CPU
		{95FDE16E-3C4D-42D1-8D40-96253FFD57F6}.Debug|Any CPU.Build.0 = Debug|Any CPU
		{95FDE16E-3C4D-42D1-8D40-96253FFD57F6}.Release|Any CPU.ActiveCfg = Release|Any CPU
		{95FDE16E-3C4D-42D1-8D40-96253FFD57F6}.Release|Any CPU.Build.0 = Release|Any CPU
		{C3E55CD8-823C-4614-AF54-90C9BECAC6C5}.Debug|Any CPU.ActiveCfg = Debug|Any CPU
		{C3E55CD8-823C-4614-AF54-90C9BECAC6C5}.Debug|Any CPU.Build.0 = Debug|Any CPU
		{C3E55CD8-823C-4614-AF54-90C9BECAC6C5}.Release|Any CPU.ActiveCfg = Release|Any CPU
		{C3E55CD8-823C-4614-AF54-90C9BECAC6C5}.Release|Any CPU.Build.0 = Release|Any CPU
		{440BF63B-9673-48EE-BD3A-95C1D2D6CE91}.Debug|Any CPU.ActiveCfg = Debug|Any CPU
		{440BF63B-9673-48EE-BD3A-95C1D2D6CE91}.Debug|Any CPU.Build.0 = Debug|Any CPU
		{440BF63B-9673-48EE-BD3A-95C1D2D6CE91}.Release|Any CPU.ActiveCfg = Release|Any CPU
		{440BF63B-9673-48EE-BD3A-95C1D2D6CE91}.Release|Any CPU.Build.0 = Release|Any CPU
		{25858060-55E3-44BF-947F-3255FA13624E}.Debug|Any CPU.ActiveCfg = Debug|Any CPU
		{25858060-55E3-44BF-947F-3255FA13624E}.Debug|Any CPU.Build.0 = Debug|Any CPU
		{25858060-55E3-44BF-947F-3255FA13624E}.Release|Any CPU.ActiveCfg = Release|Any CPU
		{25858060-55E3-44BF-947F-3255FA13624E}.Release|Any CPU.Build.0 = Release|Any CPU
		{69B0E2B7-F3D8-4AEC-8C22-42DDD1068EDC}.Debug|Any CPU.ActiveCfg = Debug|Any CPU
		{69B0E2B7-F3D8-4AEC-8C22-42DDD1068EDC}.Debug|Any CPU.Build.0 = Debug|Any CPU
		{69B0E2B7-F3D8-4AEC-8C22-42DDD1068EDC}.Release|Any CPU.ActiveCfg = Release|Any CPU
		{69B0E2B7-F3D8-4AEC-8C22-42DDD1068EDC}.Release|Any CPU.Build.0 = Release|Any CPU
		{E17D9F7C-402F-444A-92EF-ECCFAD396E21}.Debug|Any CPU.ActiveCfg = Debug|Any CPU
		{E17D9F7C-402F-444A-92EF-ECCFAD396E21}.Debug|Any CPU.Build.0 = Debug|Any CPU
		{E17D9F7C-402F-444A-92EF-ECCFAD396E21}.Release|Any CPU.ActiveCfg = Release|Any CPU
		{E17D9F7C-402F-444A-92EF-ECCFAD396E21}.Release|Any CPU.Build.0 = Release|Any CPU
		{FA549913-F173-4DCB-B3D1-5F6B843E35EA}.Debug|Any CPU.ActiveCfg = Debug|Any CPU
		{FA549913-F173-4DCB-B3D1-5F6B843E35EA}.Debug|Any CPU.Build.0 = Debug|Any CPU
		{FA549913-F173-4DCB-B3D1-5F6B843E35EA}.Release|Any CPU.ActiveCfg = Release|Any CPU
		{FA549913-F173-4DCB-B3D1-5F6B843E35EA}.Release|Any CPU.Build.0 = Release|Any CPU
		{212DB963-0655-4C8F-B6E5-4D558237351D}.Debug|Any CPU.ActiveCfg = Debug|Any CPU
		{212DB963-0655-4C8F-B6E5-4D558237351D}.Debug|Any CPU.Build.0 = Debug|Any CPU
		{212DB963-0655-4C8F-B6E5-4D558237351D}.Release|Any CPU.ActiveCfg = Release|Any CPU
		{212DB963-0655-4C8F-B6E5-4D558237351D}.Release|Any CPU.Build.0 = Release|Any CPU
		{16EE71C4-B1C2-4074-924A-DE7D9F448485}.Debug|Any CPU.ActiveCfg = Debug|Any CPU
		{16EE71C4-B1C2-4074-924A-DE7D9F448485}.Debug|Any CPU.Build.0 = Debug|Any CPU
		{16EE71C4-B1C2-4074-924A-DE7D9F448485}.Release|Any CPU.ActiveCfg = Release|Any CPU
		{16EE71C4-B1C2-4074-924A-DE7D9F448485}.Release|Any CPU.Build.0 = Release|Any CPU
		{AE85E4EA-A4F1-4765-91CE-085684825CF1}.Debug|Any CPU.ActiveCfg = Debug|Any CPU
		{AE85E4EA-A4F1-4765-91CE-085684825CF1}.Debug|Any CPU.Build.0 = Debug|Any CPU
		{AE85E4EA-A4F1-4765-91CE-085684825CF1}.Release|Any CPU.ActiveCfg = Release|Any CPU
		{AE85E4EA-A4F1-4765-91CE-085684825CF1}.Release|Any CPU.Build.0 = Release|Any CPU
		{9512F65C-7FA3-4475-B460-E72C8B6248D7}.Debug|Any CPU.ActiveCfg = Debug|Any CPU
		{9512F65C-7FA3-4475-B460-E72C8B6248D7}.Debug|Any CPU.Build.0 = Debug|Any CPU
		{9512F65C-7FA3-4475-B460-E72C8B6248D7}.Release|Any CPU.ActiveCfg = Release|Any CPU
		{9512F65C-7FA3-4475-B460-E72C8B6248D7}.Release|Any CPU.Build.0 = Release|Any CPU
		{37A7BBEB-EF4B-448A-8C77-C45581A2E068}.Debug|Any CPU.ActiveCfg = Debug|Any CPU
		{37A7BBEB-EF4B-448A-8C77-C45581A2E068}.Debug|Any CPU.Build.0 = Debug|Any CPU
		{37A7BBEB-EF4B-448A-8C77-C45581A2E068}.Release|Any CPU.ActiveCfg = Release|Any CPU
		{37A7BBEB-EF4B-448A-8C77-C45581A2E068}.Release|Any CPU.Build.0 = Release|Any CPU
		{E6D82B73-97D2-4390-B527-81AC14DF79A7}.Debug|Any CPU.ActiveCfg = Debug|Any CPU
		{E6D82B73-97D2-4390-B527-81AC14DF79A7}.Debug|Any CPU.Build.0 = Debug|Any CPU
		{E6D82B73-97D2-4390-B527-81AC14DF79A7}.Release|Any CPU.ActiveCfg = Release|Any CPU
		{E6D82B73-97D2-4390-B527-81AC14DF79A7}.Release|Any CPU.Build.0 = Release|Any CPU
		{86B9DE1D-895E-4433-ACC7-E6BDFD5F45B2}.Debug|Any CPU.ActiveCfg = Debug|Any CPU
		{86B9DE1D-895E-4433-ACC7-E6BDFD5F45B2}.Debug|Any CPU.Build.0 = Debug|Any CPU
		{86B9DE1D-895E-4433-ACC7-E6BDFD5F45B2}.Release|Any CPU.ActiveCfg = Release|Any CPU
		{86B9DE1D-895E-4433-ACC7-E6BDFD5F45B2}.Release|Any CPU.Build.0 = Release|Any CPU
		{B709AD61-E61C-4D06-9F11-7F4151A56535}.Debug|Any CPU.ActiveCfg = Debug|Any CPU
		{B709AD61-E61C-4D06-9F11-7F4151A56535}.Debug|Any CPU.Build.0 = Debug|Any CPU
		{B709AD61-E61C-4D06-9F11-7F4151A56535}.Release|Any CPU.ActiveCfg = Release|Any CPU
		{B709AD61-E61C-4D06-9F11-7F4151A56535}.Release|Any CPU.Build.0 = Release|Any CPU
		{B1BFEF59-85F2-440B-AF83-5DE8B48E69EB}.Debug|Any CPU.ActiveCfg = Debug|Any CPU
		{B1BFEF59-85F2-440B-AF83-5DE8B48E69EB}.Debug|Any CPU.Build.0 = Debug|Any CPU
		{B1BFEF59-85F2-440B-AF83-5DE8B48E69EB}.Release|Any CPU.ActiveCfg = Release|Any CPU
		{B1BFEF59-85F2-440B-AF83-5DE8B48E69EB}.Release|Any CPU.Build.0 = Release|Any CPU
		{D0559B55-4B32-4AB3-875B-7AF89085EF24}.Debug|Any CPU.ActiveCfg = Debug|Any CPU
		{D0559B55-4B32-4AB3-875B-7AF89085EF24}.Debug|Any CPU.Build.0 = Debug|Any CPU
		{D0559B55-4B32-4AB3-875B-7AF89085EF24}.Release|Any CPU.ActiveCfg = Release|Any CPU
		{D0559B55-4B32-4AB3-875B-7AF89085EF24}.Release|Any CPU.Build.0 = Release|Any CPU
		{DEC3F567-8B2C-4CF8-AE27-12C96B0921A8}.Debug|Any CPU.ActiveCfg = Debug|Any CPU
		{DEC3F567-8B2C-4CF8-AE27-12C96B0921A8}.Debug|Any CPU.Build.0 = Debug|Any CPU
		{DEC3F567-8B2C-4CF8-AE27-12C96B0921A8}.Release|Any CPU.ActiveCfg = Release|Any CPU
		{DEC3F567-8B2C-4CF8-AE27-12C96B0921A8}.Release|Any CPU.Build.0 = Release|Any CPU
		{E0FAAA1E-CCC9-4246-B948-319165CA0AD1}.Debug|Any CPU.ActiveCfg = Debug|Any CPU
		{E0FAAA1E-CCC9-4246-B948-319165CA0AD1}.Debug|Any CPU.Build.0 = Debug|Any CPU
		{E0FAAA1E-CCC9-4246-B948-319165CA0AD1}.Release|Any CPU.ActiveCfg = Release|Any CPU
		{E0FAAA1E-CCC9-4246-B948-319165CA0AD1}.Release|Any CPU.Build.0 = Release|Any CPU
		{0996610D-68CD-41EE-A491-41F04FCD8403}.Debug|Any CPU.ActiveCfg = Debug|Any CPU
		{0996610D-68CD-41EE-A491-41F04FCD8403}.Debug|Any CPU.Build.0 = Debug|Any CPU
		{0996610D-68CD-41EE-A491-41F04FCD8403}.Release|Any CPU.ActiveCfg = Release|Any CPU
		{0996610D-68CD-41EE-A491-41F04FCD8403}.Release|Any CPU.Build.0 = Release|Any CPU
		{4B4605AC-E964-480B-9057-DB74C86D3763}.Debug|Any CPU.ActiveCfg = Debug|Any CPU
		{4B4605AC-E964-480B-9057-DB74C86D3763}.Debug|Any CPU.Build.0 = Debug|Any CPU
		{4B4605AC-E964-480B-9057-DB74C86D3763}.Release|Any CPU.ActiveCfg = Release|Any CPU
		{4B4605AC-E964-480B-9057-DB74C86D3763}.Release|Any CPU.Build.0 = Release|Any CPU
		{10F3D568-BC39-4C0D-A15D-C1EA065CA2DA}.Debug|Any CPU.ActiveCfg = Debug|Any CPU
		{10F3D568-BC39-4C0D-A15D-C1EA065CA2DA}.Debug|Any CPU.Build.0 = Debug|Any CPU
		{10F3D568-BC39-4C0D-A15D-C1EA065CA2DA}.Release|Any CPU.ActiveCfg = Release|Any CPU
		{10F3D568-BC39-4C0D-A15D-C1EA065CA2DA}.Release|Any CPU.Build.0 = Release|Any CPU
		{4969A1AB-7F2E-4A65-AB3A-A72CD09C0692}.Debug|Any CPU.ActiveCfg = Debug|Any CPU
		{4969A1AB-7F2E-4A65-AB3A-A72CD09C0692}.Debug|Any CPU.Build.0 = Debug|Any CPU
		{4969A1AB-7F2E-4A65-AB3A-A72CD09C0692}.Release|Any CPU.ActiveCfg = Release|Any CPU
		{4969A1AB-7F2E-4A65-AB3A-A72CD09C0692}.Release|Any CPU.Build.0 = Release|Any CPU
		{661CA9E0-24F4-4C79-9C36-68A33F19525A}.Debug|Any CPU.ActiveCfg = Debug|Any CPU
		{661CA9E0-24F4-4C79-9C36-68A33F19525A}.Debug|Any CPU.Build.0 = Debug|Any CPU
		{661CA9E0-24F4-4C79-9C36-68A33F19525A}.Release|Any CPU.ActiveCfg = Release|Any CPU
		{661CA9E0-24F4-4C79-9C36-68A33F19525A}.Release|Any CPU.Build.0 = Release|Any CPU
		{479DA02E-0E40-42B1-AAE7-9A50723F91E4}.Debug|Any CPU.ActiveCfg = Debug|Any CPU
		{479DA02E-0E40-42B1-AAE7-9A50723F91E4}.Debug|Any CPU.Build.0 = Debug|Any CPU
		{479DA02E-0E40-42B1-AAE7-9A50723F91E4}.Release|Any CPU.ActiveCfg = Release|Any CPU
		{479DA02E-0E40-42B1-AAE7-9A50723F91E4}.Release|Any CPU.Build.0 = Release|Any CPU
		{FE094C1F-33CA-4802-BBFD-5EC60A584DB9}.Debug|Any CPU.ActiveCfg = Debug|Any CPU
		{FE094C1F-33CA-4802-BBFD-5EC60A584DB9}.Debug|Any CPU.Build.0 = Debug|Any CPU
		{FE094C1F-33CA-4802-BBFD-5EC60A584DB9}.Release|Any CPU.ActiveCfg = Release|Any CPU
		{FE094C1F-33CA-4802-BBFD-5EC60A584DB9}.Release|Any CPU.Build.0 = Release|Any CPU
		{19C42E06-A252-4135-9E03-8CC64EAAC0F7}.Debug|Any CPU.ActiveCfg = Debug|Any CPU
		{19C42E06-A252-4135-9E03-8CC64EAAC0F7}.Debug|Any CPU.Build.0 = Debug|Any CPU
		{19C42E06-A252-4135-9E03-8CC64EAAC0F7}.Release|Any CPU.ActiveCfg = Release|Any CPU
		{19C42E06-A252-4135-9E03-8CC64EAAC0F7}.Release|Any CPU.Build.0 = Release|Any CPU
		{5D7E0138-016A-43D4-B5E4-3D8DA3E8B4FF}.Debug|Any CPU.ActiveCfg = Debug|Any CPU
		{5D7E0138-016A-43D4-B5E4-3D8DA3E8B4FF}.Debug|Any CPU.Build.0 = Debug|Any CPU
		{5D7E0138-016A-43D4-B5E4-3D8DA3E8B4FF}.Release|Any CPU.ActiveCfg = Release|Any CPU
		{5D7E0138-016A-43D4-B5E4-3D8DA3E8B4FF}.Release|Any CPU.Build.0 = Release|Any CPU
		{01FDEE36-E2A7-4822-A8D7-2DA08F908D86}.Debug|Any CPU.ActiveCfg = Debug|Any CPU
		{01FDEE36-E2A7-4822-A8D7-2DA08F908D86}.Debug|Any CPU.Build.0 = Debug|Any CPU
		{01FDEE36-E2A7-4822-A8D7-2DA08F908D86}.Release|Any CPU.ActiveCfg = Release|Any CPU
		{01FDEE36-E2A7-4822-A8D7-2DA08F908D86}.Release|Any CPU.Build.0 = Release|Any CPU
		{C512B83A-F72F-4E7D-9EFC-A224811D7FC8}.Debug|Any CPU.ActiveCfg = Debug|Any CPU
		{C512B83A-F72F-4E7D-9EFC-A224811D7FC8}.Debug|Any CPU.Build.0 = Debug|Any CPU
		{C512B83A-F72F-4E7D-9EFC-A224811D7FC8}.Release|Any CPU.ActiveCfg = Release|Any CPU
		{C512B83A-F72F-4E7D-9EFC-A224811D7FC8}.Release|Any CPU.Build.0 = Release|Any CPU
		{00BF72A5-0284-4458-B53A-5019F868092E}.Debug|Any CPU.ActiveCfg = Debug|Any CPU
		{00BF72A5-0284-4458-B53A-5019F868092E}.Debug|Any CPU.Build.0 = Debug|Any CPU
		{00BF72A5-0284-4458-B53A-5019F868092E}.Release|Any CPU.ActiveCfg = Release|Any CPU
		{00BF72A5-0284-4458-B53A-5019F868092E}.Release|Any CPU.Build.0 = Release|Any CPU
		{24872659-40A2-4781-89F1-54313D6E3A72}.Debug|Any CPU.ActiveCfg = Debug|Any CPU
		{24872659-40A2-4781-89F1-54313D6E3A72}.Debug|Any CPU.Build.0 = Debug|Any CPU
		{24872659-40A2-4781-89F1-54313D6E3A72}.Release|Any CPU.ActiveCfg = Release|Any CPU
		{24872659-40A2-4781-89F1-54313D6E3A72}.Release|Any CPU.Build.0 = Release|Any CPU
		{B94F42C1-831F-4FF1-A1C9-13F5F6B211AD}.Debug|Any CPU.ActiveCfg = Debug|Any CPU
		{B94F42C1-831F-4FF1-A1C9-13F5F6B211AD}.Debug|Any CPU.Build.0 = Debug|Any CPU
		{B94F42C1-831F-4FF1-A1C9-13F5F6B211AD}.Release|Any CPU.ActiveCfg = Release|Any CPU
		{B94F42C1-831F-4FF1-A1C9-13F5F6B211AD}.Release|Any CPU.Build.0 = Release|Any CPU
		{0B030AD1-3318-4035-B430-619B43860844}.Debug|Any CPU.ActiveCfg = Debug|Any CPU
		{0B030AD1-3318-4035-B430-619B43860844}.Debug|Any CPU.Build.0 = Debug|Any CPU
		{0B030AD1-3318-4035-B430-619B43860844}.Release|Any CPU.ActiveCfg = Release|Any CPU
		{0B030AD1-3318-4035-B430-619B43860844}.Release|Any CPU.Build.0 = Release|Any CPU
		{2A929105-C1B3-4D43-B893-19094E711933}.Debug|Any CPU.ActiveCfg = Debug|Any CPU
		{2A929105-C1B3-4D43-B893-19094E711933}.Debug|Any CPU.Build.0 = Debug|Any CPU
		{2A929105-C1B3-4D43-B893-19094E711933}.Release|Any CPU.ActiveCfg = Release|Any CPU
		{2A929105-C1B3-4D43-B893-19094E711933}.Release|Any CPU.Build.0 = Release|Any CPU
		{69742B88-45C0-4E08-927D-7914014F5F8D}.Debug|Any CPU.ActiveCfg = Debug|Any CPU
		{69742B88-45C0-4E08-927D-7914014F5F8D}.Debug|Any CPU.Build.0 = Debug|Any CPU
		{69742B88-45C0-4E08-927D-7914014F5F8D}.Release|Any CPU.ActiveCfg = Release|Any CPU
		{69742B88-45C0-4E08-927D-7914014F5F8D}.Release|Any CPU.Build.0 = Release|Any CPU
		{C3F006C0-C1D3-4DF4-A95B-099ECC3756CA}.Debug|Any CPU.ActiveCfg = Debug|Any CPU
		{C3F006C0-C1D3-4DF4-A95B-099ECC3756CA}.Debug|Any CPU.Build.0 = Debug|Any CPU
		{C3F006C0-C1D3-4DF4-A95B-099ECC3756CA}.Release|Any CPU.ActiveCfg = Release|Any CPU
		{C3F006C0-C1D3-4DF4-A95B-099ECC3756CA}.Release|Any CPU.Build.0 = Release|Any CPU
		{561893C2-CBDE-4BEE-A815-DF5BE5EFB610}.Debug|Any CPU.ActiveCfg = Debug|Any CPU
		{561893C2-CBDE-4BEE-A815-DF5BE5EFB610}.Debug|Any CPU.Build.0 = Debug|Any CPU
		{561893C2-CBDE-4BEE-A815-DF5BE5EFB610}.Release|Any CPU.ActiveCfg = Release|Any CPU
		{561893C2-CBDE-4BEE-A815-DF5BE5EFB610}.Release|Any CPU.Build.0 = Release|Any CPU
		{8BAEBB10-6086-4693-9A2B-B2A8DD22016E}.Debug|Any CPU.ActiveCfg = Debug|Any CPU
		{8BAEBB10-6086-4693-9A2B-B2A8DD22016E}.Debug|Any CPU.Build.0 = Debug|Any CPU
		{8BAEBB10-6086-4693-9A2B-B2A8DD22016E}.Release|Any CPU.ActiveCfg = Release|Any CPU
		{8BAEBB10-6086-4693-9A2B-B2A8DD22016E}.Release|Any CPU.Build.0 = Release|Any CPU
		{9A381815-298A-448A-A269-3359BEB1BF4C}.Debug|Any CPU.ActiveCfg = Debug|Any CPU
		{9A381815-298A-448A-A269-3359BEB1BF4C}.Debug|Any CPU.Build.0 = Debug|Any CPU
		{9A381815-298A-448A-A269-3359BEB1BF4C}.Release|Any CPU.ActiveCfg = Release|Any CPU
		{9A381815-298A-448A-A269-3359BEB1BF4C}.Release|Any CPU.Build.0 = Release|Any CPU
		{4937E119-CD22-465D-9415-782182F324B2}.Debug|Any CPU.ActiveCfg = Debug|Any CPU
		{4937E119-CD22-465D-9415-782182F324B2}.Debug|Any CPU.Build.0 = Debug|Any CPU
		{4937E119-CD22-465D-9415-782182F324B2}.Release|Any CPU.ActiveCfg = Release|Any CPU
		{4937E119-CD22-465D-9415-782182F324B2}.Release|Any CPU.Build.0 = Release|Any CPU
		{1248E047-14AA-4096-A384-D3736D1F67C6}.Debug|Any CPU.ActiveCfg = Debug|Any CPU
		{1248E047-14AA-4096-A384-D3736D1F67C6}.Debug|Any CPU.Build.0 = Debug|Any CPU
		{1248E047-14AA-4096-A384-D3736D1F67C6}.Release|Any CPU.ActiveCfg = Release|Any CPU
		{1248E047-14AA-4096-A384-D3736D1F67C6}.Release|Any CPU.Build.0 = Release|Any CPU
		{C4351A66-94D0-4AE7-B12F-EAA9888C1537}.Debug|Any CPU.ActiveCfg = Debug|Any CPU
		{C4351A66-94D0-4AE7-B12F-EAA9888C1537}.Debug|Any CPU.Build.0 = Debug|Any CPU
		{C4351A66-94D0-4AE7-B12F-EAA9888C1537}.Release|Any CPU.ActiveCfg = Release|Any CPU
		{C4351A66-94D0-4AE7-B12F-EAA9888C1537}.Release|Any CPU.Build.0 = Release|Any CPU
		{574FF668-FBEE-41CD-B6A1-BFC576D0A55B}.Debug|Any CPU.ActiveCfg = Debug|Any CPU
		{574FF668-FBEE-41CD-B6A1-BFC576D0A55B}.Debug|Any CPU.Build.0 = Debug|Any CPU
		{574FF668-FBEE-41CD-B6A1-BFC576D0A55B}.Release|Any CPU.ActiveCfg = Release|Any CPU
		{574FF668-FBEE-41CD-B6A1-BFC576D0A55B}.Release|Any CPU.Build.0 = Release|Any CPU
		{9ABF2439-25DE-49CE-9862-5FD75F829ED3}.Debug|Any CPU.ActiveCfg = Debug|Any CPU
		{9ABF2439-25DE-49CE-9862-5FD75F829ED3}.Debug|Any CPU.Build.0 = Debug|Any CPU
		{9ABF2439-25DE-49CE-9862-5FD75F829ED3}.Release|Any CPU.ActiveCfg = Release|Any CPU
		{9ABF2439-25DE-49CE-9862-5FD75F829ED3}.Release|Any CPU.Build.0 = Release|Any CPU
		{D5B3205E-AB24-4759-94D5-CA5277BBCCD4}.Debug|Any CPU.ActiveCfg = Debug|Any CPU
		{D5B3205E-AB24-4759-94D5-CA5277BBCCD4}.Debug|Any CPU.Build.0 = Debug|Any CPU
		{D5B3205E-AB24-4759-94D5-CA5277BBCCD4}.Release|Any CPU.ActiveCfg = Release|Any CPU
		{D5B3205E-AB24-4759-94D5-CA5277BBCCD4}.Release|Any CPU.Build.0 = Release|Any CPU
		{EFA36D52-1A41-42E1-B00A-16AB9EDBC18A}.Debug|Any CPU.ActiveCfg = Debug|Any CPU
		{EFA36D52-1A41-42E1-B00A-16AB9EDBC18A}.Debug|Any CPU.Build.0 = Debug|Any CPU
		{EFA36D52-1A41-42E1-B00A-16AB9EDBC18A}.Release|Any CPU.ActiveCfg = Release|Any CPU
		{EFA36D52-1A41-42E1-B00A-16AB9EDBC18A}.Release|Any CPU.Build.0 = Release|Any CPU
		{6294F194-7066-4AC6-AB96-5940A61532A3}.Debug|Any CPU.ActiveCfg = Debug|Any CPU
		{6294F194-7066-4AC6-AB96-5940A61532A3}.Debug|Any CPU.Build.0 = Debug|Any CPU
		{6294F194-7066-4AC6-AB96-5940A61532A3}.Release|Any CPU.ActiveCfg = Release|Any CPU
		{6294F194-7066-4AC6-AB96-5940A61532A3}.Release|Any CPU.Build.0 = Release|Any CPU
		{E55FA39D-4BAF-4238-A9F5-93FEC1A22C85}.Debug|Any CPU.ActiveCfg = Debug|Any CPU
		{E55FA39D-4BAF-4238-A9F5-93FEC1A22C85}.Debug|Any CPU.Build.0 = Debug|Any CPU
		{E55FA39D-4BAF-4238-A9F5-93FEC1A22C85}.Release|Any CPU.ActiveCfg = Release|Any CPU
		{E55FA39D-4BAF-4238-A9F5-93FEC1A22C85}.Release|Any CPU.Build.0 = Release|Any CPU
		{513C4B07-F50A-4654-BBA6-39683B27CB9C}.Debug|Any CPU.ActiveCfg = Debug|Any CPU
		{513C4B07-F50A-4654-BBA6-39683B27CB9C}.Debug|Any CPU.Build.0 = Debug|Any CPU
		{513C4B07-F50A-4654-BBA6-39683B27CB9C}.Release|Any CPU.ActiveCfg = Release|Any CPU
		{513C4B07-F50A-4654-BBA6-39683B27CB9C}.Release|Any CPU.Build.0 = Release|Any CPU
		{D3E2CB43-2E76-49E0-A530-EB9D473A0CF7}.Debug|Any CPU.ActiveCfg = Debug|Any CPU
		{D3E2CB43-2E76-49E0-A530-EB9D473A0CF7}.Debug|Any CPU.Build.0 = Debug|Any CPU
		{D3E2CB43-2E76-49E0-A530-EB9D473A0CF7}.Release|Any CPU.ActiveCfg = Release|Any CPU
		{D3E2CB43-2E76-49E0-A530-EB9D473A0CF7}.Release|Any CPU.Build.0 = Release|Any CPU
		{2823FF81-BCBB-47B9-A274-813A93F9A762}.Debug|Any CPU.ActiveCfg = Debug|Any CPU
		{2823FF81-BCBB-47B9-A274-813A93F9A762}.Debug|Any CPU.Build.0 = Debug|Any CPU
		{2823FF81-BCBB-47B9-A274-813A93F9A762}.Release|Any CPU.ActiveCfg = Release|Any CPU
		{2823FF81-BCBB-47B9-A274-813A93F9A762}.Release|Any CPU.Build.0 = Release|Any CPU
		{7C508871-F084-4EA3-ADF5-E782B7D07FB4}.Debug|Any CPU.ActiveCfg = Debug|Any CPU
		{7C508871-F084-4EA3-ADF5-E782B7D07FB4}.Debug|Any CPU.Build.0 = Debug|Any CPU
		{7C508871-F084-4EA3-ADF5-E782B7D07FB4}.Release|Any CPU.ActiveCfg = Release|Any CPU
		{7C508871-F084-4EA3-ADF5-E782B7D07FB4}.Release|Any CPU.Build.0 = Release|Any CPU
		{56580DEE-7515-405A-8E82-11D11E827A7A}.Debug|Any CPU.ActiveCfg = Debug|Any CPU
		{56580DEE-7515-405A-8E82-11D11E827A7A}.Debug|Any CPU.Build.0 = Debug|Any CPU
		{56580DEE-7515-405A-8E82-11D11E827A7A}.Release|Any CPU.ActiveCfg = Release|Any CPU
		{56580DEE-7515-405A-8E82-11D11E827A7A}.Release|Any CPU.Build.0 = Release|Any CPU
		{E9720680-744D-4161-A1EE-3E4E12F963B1}.Debug|Any CPU.ActiveCfg = Debug|Any CPU
		{E9720680-744D-4161-A1EE-3E4E12F963B1}.Debug|Any CPU.Build.0 = Debug|Any CPU
		{E9720680-744D-4161-A1EE-3E4E12F963B1}.Release|Any CPU.ActiveCfg = Release|Any CPU
		{E9720680-744D-4161-A1EE-3E4E12F963B1}.Release|Any CPU.Build.0 = Release|Any CPU
		{EC5C9026-872E-4F99-B183-50CFD05C3EEB}.Debug|Any CPU.ActiveCfg = Debug|Any CPU
		{EC5C9026-872E-4F99-B183-50CFD05C3EEB}.Debug|Any CPU.Build.0 = Debug|Any CPU
		{EC5C9026-872E-4F99-B183-50CFD05C3EEB}.Release|Any CPU.ActiveCfg = Release|Any CPU
		{EC5C9026-872E-4F99-B183-50CFD05C3EEB}.Release|Any CPU.Build.0 = Release|Any CPU
		{E1BED745-3028-4908-B25D-9FACFB3BE400}.Debug|Any CPU.ActiveCfg = Debug|Any CPU
		{E1BED745-3028-4908-B25D-9FACFB3BE400}.Debug|Any CPU.Build.0 = Debug|Any CPU
		{E1BED745-3028-4908-B25D-9FACFB3BE400}.Release|Any CPU.ActiveCfg = Release|Any CPU
		{E1BED745-3028-4908-B25D-9FACFB3BE400}.Release|Any CPU.Build.0 = Release|Any CPU
		{F8A8069A-A82B-48E6-BCAE-7F5F3D396ED1}.Debug|Any CPU.ActiveCfg = Debug|Any CPU
		{F8A8069A-A82B-48E6-BCAE-7F5F3D396ED1}.Debug|Any CPU.Build.0 = Debug|Any CPU
		{F8A8069A-A82B-48E6-BCAE-7F5F3D396ED1}.Release|Any CPU.ActiveCfg = Release|Any CPU
		{F8A8069A-A82B-48E6-BCAE-7F5F3D396ED1}.Release|Any CPU.Build.0 = Release|Any CPU
		{E89D2955-E3AB-4C1D-8326-9996F299DD03}.Debug|Any CPU.ActiveCfg = Debug|Any CPU
		{E89D2955-E3AB-4C1D-8326-9996F299DD03}.Debug|Any CPU.Build.0 = Debug|Any CPU
		{E89D2955-E3AB-4C1D-8326-9996F299DD03}.Release|Any CPU.ActiveCfg = Release|Any CPU
		{E89D2955-E3AB-4C1D-8326-9996F299DD03}.Release|Any CPU.Build.0 = Release|Any CPU
		{EE9CCE1E-CFDD-461E-8A50-7251694D7090}.Debug|Any CPU.ActiveCfg = Debug|Any CPU
		{EE9CCE1E-CFDD-461E-8A50-7251694D7090}.Debug|Any CPU.Build.0 = Debug|Any CPU
		{EE9CCE1E-CFDD-461E-8A50-7251694D7090}.Release|Any CPU.ActiveCfg = Release|Any CPU
		{EE9CCE1E-CFDD-461E-8A50-7251694D7090}.Release|Any CPU.Build.0 = Release|Any CPU
		{678A8122-21DC-415E-B0BF-63C65795CB1C}.Debug|Any CPU.ActiveCfg = Debug|Any CPU
		{678A8122-21DC-415E-B0BF-63C65795CB1C}.Debug|Any CPU.Build.0 = Debug|Any CPU
		{678A8122-21DC-415E-B0BF-63C65795CB1C}.Release|Any CPU.ActiveCfg = Release|Any CPU
		{678A8122-21DC-415E-B0BF-63C65795CB1C}.Release|Any CPU.Build.0 = Release|Any CPU
		{74CD7CD0-93D7-4D55-8FBD-CCA8B3A1D5D9}.Debug|Any CPU.ActiveCfg = Debug|Any CPU
		{74CD7CD0-93D7-4D55-8FBD-CCA8B3A1D5D9}.Debug|Any CPU.Build.0 = Debug|Any CPU
		{74CD7CD0-93D7-4D55-8FBD-CCA8B3A1D5D9}.Release|Any CPU.ActiveCfg = Release|Any CPU
		{74CD7CD0-93D7-4D55-8FBD-CCA8B3A1D5D9}.Release|Any CPU.Build.0 = Release|Any CPU
		{BDD59E24-6F8C-4FAC-8F81-7C5EA627A84C}.Debug|Any CPU.ActiveCfg = Debug|Any CPU
		{BDD59E24-6F8C-4FAC-8F81-7C5EA627A84C}.Debug|Any CPU.Build.0 = Debug|Any CPU
		{BDD59E24-6F8C-4FAC-8F81-7C5EA627A84C}.Release|Any CPU.ActiveCfg = Release|Any CPU
		{BDD59E24-6F8C-4FAC-8F81-7C5EA627A84C}.Release|Any CPU.Build.0 = Release|Any CPU
		{704AE293-03DA-451D-B6DD-11FFB41A2C6C}.Debug|Any CPU.ActiveCfg = Debug|Any CPU
		{704AE293-03DA-451D-B6DD-11FFB41A2C6C}.Debug|Any CPU.Build.0 = Debug|Any CPU
		{704AE293-03DA-451D-B6DD-11FFB41A2C6C}.Release|Any CPU.ActiveCfg = Release|Any CPU
		{704AE293-03DA-451D-B6DD-11FFB41A2C6C}.Release|Any CPU.Build.0 = Release|Any CPU
		{1DBE6703-13F2-46A1-99B4-663545C8F292}.Debug|Any CPU.ActiveCfg = Debug|Any CPU
		{1DBE6703-13F2-46A1-99B4-663545C8F292}.Debug|Any CPU.Build.0 = Debug|Any CPU
		{1DBE6703-13F2-46A1-99B4-663545C8F292}.Release|Any CPU.ActiveCfg = Release|Any CPU
		{1DBE6703-13F2-46A1-99B4-663545C8F292}.Release|Any CPU.Build.0 = Release|Any CPU
		{F37392BB-5DC3-40D8-9FF3-F8B5A5B4119C}.Debug|Any CPU.ActiveCfg = Debug|Any CPU
		{F37392BB-5DC3-40D8-9FF3-F8B5A5B4119C}.Debug|Any CPU.Build.0 = Debug|Any CPU
		{F37392BB-5DC3-40D8-9FF3-F8B5A5B4119C}.Release|Any CPU.ActiveCfg = Release|Any CPU
		{F37392BB-5DC3-40D8-9FF3-F8B5A5B4119C}.Release|Any CPU.Build.0 = Release|Any CPU
		{ED631311-4E02-4529-B9A8-3FFED9FAA245}.Debug|Any CPU.ActiveCfg = Debug|Any CPU
		{ED631311-4E02-4529-B9A8-3FFED9FAA245}.Debug|Any CPU.Build.0 = Debug|Any CPU
		{ED631311-4E02-4529-B9A8-3FFED9FAA245}.Release|Any CPU.ActiveCfg = Release|Any CPU
		{ED631311-4E02-4529-B9A8-3FFED9FAA245}.Release|Any CPU.Build.0 = Release|Any CPU
		{72AC060C-032A-4A03-A187-5EBDAC6DA498}.Debug|Any CPU.ActiveCfg = Debug|Any CPU
		{72AC060C-032A-4A03-A187-5EBDAC6DA498}.Debug|Any CPU.Build.0 = Debug|Any CPU
		{72AC060C-032A-4A03-A187-5EBDAC6DA498}.Release|Any CPU.ActiveCfg = Release|Any CPU
		{72AC060C-032A-4A03-A187-5EBDAC6DA498}.Release|Any CPU.Build.0 = Release|Any CPU
		{ABB10CD4-A475-4535-9904-1F1A57A8EA58}.Debug|Any CPU.ActiveCfg = Debug|Any CPU
		{ABB10CD4-A475-4535-9904-1F1A57A8EA58}.Debug|Any CPU.Build.0 = Debug|Any CPU
		{ABB10CD4-A475-4535-9904-1F1A57A8EA58}.Release|Any CPU.ActiveCfg = Release|Any CPU
		{ABB10CD4-A475-4535-9904-1F1A57A8EA58}.Release|Any CPU.Build.0 = Release|Any CPU
	EndGlobalSection
	GlobalSection(SolutionProperties) = preSolution
		HideSolutionNode = FALSE
	EndGlobalSection
	GlobalSection(NestedProjects) = preSolution
		{06000DF6-5503-4EBA-B185-BA5680EE3F6E} = {12D86080-9B67-4595-ADAE-9AD61012B361}
		{85376F45-C1FD-4100-A0BA-53D12DE9103F} = {12D86080-9B67-4595-ADAE-9AD61012B361}
		{A0E03C94-CF5C-4D85-B2EB-78C1E017F89B} = {12D86080-9B67-4595-ADAE-9AD61012B361}
		{362FE8FF-B373-4F77-B51F-C2058EBC6B1C} = {12D86080-9B67-4595-ADAE-9AD61012B361}
		{6622AF81-00CB-4E90-96F3-A8A1A327A60B} = {12D86080-9B67-4595-ADAE-9AD61012B361}
		{1075BC0E-4FE4-4619-80B8-CED508E9C6F9} = {12D86080-9B67-4595-ADAE-9AD61012B361}
		{32340997-4164-453E-A60F-38C19B96F0FB} = {12D86080-9B67-4595-ADAE-9AD61012B361}
		{B0409E33-1923-4D52-81F3-741A15830352} = {12D86080-9B67-4595-ADAE-9AD61012B361}
		{2DD457B9-EB4F-4822-908E-4FF1A5A671AF} = {12D86080-9B67-4595-ADAE-9AD61012B361}
		{95FDE16E-3C4D-42D1-8D40-96253FFD57F6} = {12D86080-9B67-4595-ADAE-9AD61012B361}
		{C3E55CD8-823C-4614-AF54-90C9BECAC6C5} = {12D86080-9B67-4595-ADAE-9AD61012B361}
		{440BF63B-9673-48EE-BD3A-95C1D2D6CE91} = {FCE27579-F205-4260-B111-953506CB9C99}
		{25858060-55E3-44BF-947F-3255FA13624E} = {FCE27579-F205-4260-B111-953506CB9C99}
		{69B0E2B7-F3D8-4AEC-8C22-42DDD1068EDC} = {FCE27579-F205-4260-B111-953506CB9C99}
		{E17D9F7C-402F-444A-92EF-ECCFAD396E21} = {FCE27579-F205-4260-B111-953506CB9C99}
		{FA549913-F173-4DCB-B3D1-5F6B843E35EA} = {FCE27579-F205-4260-B111-953506CB9C99}
		{212DB963-0655-4C8F-B6E5-4D558237351D} = {FCE27579-F205-4260-B111-953506CB9C99}
		{16EE71C4-B1C2-4074-924A-DE7D9F448485} = {19B57887-2B29-4BF4-9509-6574D100CC51}
		{AE85E4EA-A4F1-4765-91CE-085684825CF1} = {19B57887-2B29-4BF4-9509-6574D100CC51}
		{9512F65C-7FA3-4475-B460-E72C8B6248D7} = {19B57887-2B29-4BF4-9509-6574D100CC51}
		{37A7BBEB-EF4B-448A-8C77-C45581A2E068} = {19B57887-2B29-4BF4-9509-6574D100CC51}
		{E6D82B73-97D2-4390-B527-81AC14DF79A7} = {19B57887-2B29-4BF4-9509-6574D100CC51}
		{86B9DE1D-895E-4433-ACC7-E6BDFD5F45B2} = {A86EC529-60E2-4D35-9169-356AA3C51766}
		{B709AD61-E61C-4D06-9F11-7F4151A56535} = {A86EC529-60E2-4D35-9169-356AA3C51766}
		{B1BFEF59-85F2-440B-AF83-5DE8B48E69EB} = {A86EC529-60E2-4D35-9169-356AA3C51766}
		{D0559B55-4B32-4AB3-875B-7AF89085EF24} = {A86EC529-60E2-4D35-9169-356AA3C51766}
		{DEC3F567-8B2C-4CF8-AE27-12C96B0921A8} = {A86EC529-60E2-4D35-9169-356AA3C51766}
		{E0FAAA1E-CCC9-4246-B948-319165CA0AD1} = {7F603ACB-7E20-4D1A-A355-347B564170E4}
		{0996610D-68CD-41EE-A491-41F04FCD8403} = {7F603ACB-7E20-4D1A-A355-347B564170E4}
		{4B4605AC-E964-480B-9057-DB74C86D3763} = {7F603ACB-7E20-4D1A-A355-347B564170E4}
		{10F3D568-BC39-4C0D-A15D-C1EA065CA2DA} = {7F603ACB-7E20-4D1A-A355-347B564170E4}
		{4969A1AB-7F2E-4A65-AB3A-A72CD09C0692} = {7F603ACB-7E20-4D1A-A355-347B564170E4}
		{661CA9E0-24F4-4C79-9C36-68A33F19525A} = {0F61B6F6-6ADD-41A6-B5EF-2CDC02AB776B}
		{479DA02E-0E40-42B1-AAE7-9A50723F91E4} = {0F61B6F6-6ADD-41A6-B5EF-2CDC02AB776B}
		{FE094C1F-33CA-4802-BBFD-5EC60A584DB9} = {0F61B6F6-6ADD-41A6-B5EF-2CDC02AB776B}
		{19C42E06-A252-4135-9E03-8CC64EAAC0F7} = {0F61B6F6-6ADD-41A6-B5EF-2CDC02AB776B}
		{5D7E0138-016A-43D4-B5E4-3D8DA3E8B4FF} = {0F61B6F6-6ADD-41A6-B5EF-2CDC02AB776B}
		{01FDEE36-E2A7-4822-A8D7-2DA08F908D86} = {0F61B6F6-6ADD-41A6-B5EF-2CDC02AB776B}
		{C512B83A-F72F-4E7D-9EFC-A224811D7FC8} = {0F61B6F6-6ADD-41A6-B5EF-2CDC02AB776B}
		{00BF72A5-0284-4458-B53A-5019F868092E} = {0F61B6F6-6ADD-41A6-B5EF-2CDC02AB776B}
		{24872659-40A2-4781-89F1-54313D6E3A72} = {0F61B6F6-6ADD-41A6-B5EF-2CDC02AB776B}
		{B94F42C1-831F-4FF1-A1C9-13F5F6B211AD} = {0F61B6F6-6ADD-41A6-B5EF-2CDC02AB776B}
		{0B030AD1-3318-4035-B430-619B43860844} = {0F61B6F6-6ADD-41A6-B5EF-2CDC02AB776B}
		{2A929105-C1B3-4D43-B893-19094E711933} = {0F61B6F6-6ADD-41A6-B5EF-2CDC02AB776B}
		{69742B88-45C0-4E08-927D-7914014F5F8D} = {0F61B6F6-6ADD-41A6-B5EF-2CDC02AB776B}
		{C3F006C0-C1D3-4DF4-A95B-099ECC3756CA} = {0F61B6F6-6ADD-41A6-B5EF-2CDC02AB776B}
		{561893C2-CBDE-4BEE-A815-DF5BE5EFB610} = {235E5C84-7207-4BA2-BCDB-A514CC3E310A}
		{8BAEBB10-6086-4693-9A2B-B2A8DD22016E} = {235E5C84-7207-4BA2-BCDB-A514CC3E310A}
		{9A381815-298A-448A-A269-3359BEB1BF4C} = {235E5C84-7207-4BA2-BCDB-A514CC3E310A}
		{4937E119-CD22-465D-9415-782182F324B2} = {235E5C84-7207-4BA2-BCDB-A514CC3E310A}
		{1248E047-14AA-4096-A384-D3736D1F67C6} = {379DFBF6-8A5D-49F7-9A29-DC77211632FC}
		{C4351A66-94D0-4AE7-B12F-EAA9888C1537} = {379DFBF6-8A5D-49F7-9A29-DC77211632FC}
		{574FF668-FBEE-41CD-B6A1-BFC576D0A55B} = {379DFBF6-8A5D-49F7-9A29-DC77211632FC}
		{9ABF2439-25DE-49CE-9862-5FD75F829ED3} = {379DFBF6-8A5D-49F7-9A29-DC77211632FC}
		{D5B3205E-AB24-4759-94D5-CA5277BBCCD4} = {379DFBF6-8A5D-49F7-9A29-DC77211632FC}
		{EFA36D52-1A41-42E1-B00A-16AB9EDBC18A} = {379DFBF6-8A5D-49F7-9A29-DC77211632FC}
		{6294F194-7066-4AC6-AB96-5940A61532A3} = {379DFBF6-8A5D-49F7-9A29-DC77211632FC}
		{E55FA39D-4BAF-4238-A9F5-93FEC1A22C85} = {379DFBF6-8A5D-49F7-9A29-DC77211632FC}
		{513C4B07-F50A-4654-BBA6-39683B27CB9C} = {379DFBF6-8A5D-49F7-9A29-DC77211632FC}
		{D3E2CB43-2E76-49E0-A530-EB9D473A0CF7} = {379DFBF6-8A5D-49F7-9A29-DC77211632FC}
		{2823FF81-BCBB-47B9-A274-813A93F9A762} = {379DFBF6-8A5D-49F7-9A29-DC77211632FC}
		{7C508871-F084-4EA3-ADF5-E782B7D07FB4} = {379DFBF6-8A5D-49F7-9A29-DC77211632FC}
		{56580DEE-7515-405A-8E82-11D11E827A7A} = {379DFBF6-8A5D-49F7-9A29-DC77211632FC}
		{E9720680-744D-4161-A1EE-3E4E12F963B1} = {379DFBF6-8A5D-49F7-9A29-DC77211632FC}
		{EC5C9026-872E-4F99-B183-50CFD05C3EEB} = {379DFBF6-8A5D-49F7-9A29-DC77211632FC}
		{E1BED745-3028-4908-B25D-9FACFB3BE400} = {22D5106E-27A8-4251-8D20-8B91266E2C6E}
		{F8A8069A-A82B-48E6-BCAE-7F5F3D396ED1} = {22D5106E-27A8-4251-8D20-8B91266E2C6E}
		{E89D2955-E3AB-4C1D-8326-9996F299DD03} = {D6107A5B-E148-4FF2-B9B2-D71DCBE4E48D}
		{EE9CCE1E-CFDD-461E-8A50-7251694D7090} = {D6107A5B-E148-4FF2-B9B2-D71DCBE4E48D}
		{678A8122-21DC-415E-B0BF-63C65795CB1C} = {D6107A5B-E148-4FF2-B9B2-D71DCBE4E48D}
		{74CD7CD0-93D7-4D55-8FBD-CCA8B3A1D5D9} = {D6107A5B-E148-4FF2-B9B2-D71DCBE4E48D}
		{BDD59E24-6F8C-4FAC-8F81-7C5EA627A84C} = {D6107A5B-E148-4FF2-B9B2-D71DCBE4E48D}
		{704AE293-03DA-451D-B6DD-11FFB41A2C6C} = {E9CA2BC8-62ED-4693-B2C6-E83B1948CE80}
		{1DBE6703-13F2-46A1-99B4-663545C8F292} = {E9CA2BC8-62ED-4693-B2C6-E83B1948CE80}
		{F37392BB-5DC3-40D8-9FF3-F8B5A5B4119C} = {E9CA2BC8-62ED-4693-B2C6-E83B1948CE80}
		{ED631311-4E02-4529-B9A8-3FFED9FAA245} = {E9CA2BC8-62ED-4693-B2C6-E83B1948CE80}
		{72AC060C-032A-4A03-A187-5EBDAC6DA498} = {E9CA2BC8-62ED-4693-B2C6-E83B1948CE80}
		{ABB10CD4-A475-4535-9904-1F1A57A8EA58} = {E9CA2BC8-62ED-4693-B2C6-E83B1948CE80}
	EndGlobalSection
	GlobalSection(ExtensibilityGlobals) = postSolution
		SolutionGuid = {0A3BE2C0-B98E-4861-A7F1-3F078D5077B5}
	EndGlobalSection
EndGlobal
